
Microsoft Visual Studio Solution File, Format Version 12.00
# Visual Studio Version 17
VisualStudioVersion = 17.6.33723.286
MinimumVisualStudioVersion = 10.0.40219.1
Project("{9A19103F-16F7-4668-BE54-9A1E7A4F7556}") = "FarmersMarketAPIAss2", "FarmersMarketAPIAss2.csproj", "{909AE5B4-733B-477C-8252-067F061639AF}"
EndProject
Project("{FAE04EC0-301F-11D3-BF4B-00C04F79EFBC}") = "TestDB", "..\TestDB\TestDB.csproj", "{5C1DAAC7-68AD-4E23-A170-B2C52E0F10B9}"
EndProject
Global
	GlobalSection(SolutionConfigurationPlatforms) = preSolution
		Debug|Any CPU = Debug|Any CPU
		Release|Any CPU = Release|Any CPU
	EndGlobalSection
	GlobalSection(ProjectConfigurationPlatforms) = postSolution
		{909AE5B4-733B-477C-8252-067F061639AF}.Debug|Any CPU.ActiveCfg = Debug|Any CPU
		{909AE5B4-733B-477C-8252-067F061639AF}.Debug|Any CPU.Build.0 = Debug|Any CPU
		{909AE5B4-733B-477C-8252-067F061639AF}.Release|Any CPU.ActiveCfg = Release|Any CPU
		{909AE5B4-733B-477C-8252-067F061639AF}.Release|Any CPU.Build.0 = Release|Any CPU
		{5C1DAAC7-68AD-4E23-A170-B2C52E0F10B9}.Debug|Any CPU.ActiveCfg = Debug|Any CPU
		{5C1DAAC7-68AD-4E23-A170-B2C52E0F10B9}.Debug|Any CPU.Build.0 = Debug|Any CPU
		{5C1DAAC7-68AD-4E23-A170-B2C52E0F10B9}.Release|Any CPU.ActiveCfg = Release|Any CPU
		{5C1DAAC7-68AD-4E23-A170-B2C52E0F10B9}.Release|Any CPU.Build.0 = Release|Any CPU
	EndGlobalSection
	GlobalSection(SolutionProperties) = preSolution
		HideSolutionNode = FALSE
	EndGlobalSection
	GlobalSection(ExtensibilityGlobals) = postSolution
		SolutionGuid = {6BD86339-A907-4CE7-BB2D-0FF555DE16CA}
	EndGlobalSection
EndGlobal
